
Microsoft Visual Studio Solution File, Format Version 12.00
# Visual Studio Version 16
VisualStudioVersion = 16.0.29613.14
MinimumVisualStudioVersion = 10.0.40219.1
Project("{2150E333-8FDC-42A3-9474-1A3956D46DE8}") = "src", "src", "{0D28F55C-03A6-48DF-B071-39E6207E49E0}"
EndProject
Project("{2150E333-8FDC-42A3-9474-1A3956D46DE8}") = "Catalog", "Catalog", "{3B157572-F60B-4E8C-9E7D-7513D7AFABF9}"
EndProject
Project("{9A19103F-16F7-4668-BE54-9A1E7A4F7556}") = "Catalog.API", "Catalog.API\Catalog.API.csproj", "{C5802AE1-B89B-44A1-9482-3E822785A832}"
EndProject
Project("{E53339B2-1760-4266-BCC7-CA923CBCF16C}") = "docker-compose", "docker-compose.dcproj", "{C000E57D-6436-4CA0-A026-6983A8DA14F1}"
EndProject
Project("{2150E333-8FDC-42A3-9474-1A3956D46DE8}") = "Basket", "Basket", "{164E8E9D-F2E5-4E20-BAF6-5B45A044A7F9}"
EndProject
Project("{9A19103F-16F7-4668-BE54-9A1E7A4F7556}") = "Basket.API", "Basket.API\Basket.API.csproj", "{AF5AE587-C8BA-4BD4-B91A-F8C2521EC3D8}"
EndProject
Project("{2150E333-8FDC-42A3-9474-1A3956D46DE8}") = "Common", "Common", "{5EC8881E-C973-4911-982A-EE79DEE57C8A}"
EndProject
Project("{9A19103F-16F7-4668-BE54-9A1E7A4F7556}") = "EventBusRabbitMQ", "Common\EventBusRabbitMQ\EventBusRabbitMQ.csproj", "{79FA8AC2-91A2-4A90-BEFC-01074488E206}"
EndProject
Project("{2150E333-8FDC-42A3-9474-1A3956D46DE8}") = "Ordering", "Ordering", "{57737E28-9476-4755-81B7-A665A288C7C2}"
EndProject
Project("{FAE04EC0-301F-11D3-BF4B-00C04F79EFBC}") = "Ordering.API", "Ordering\Ordering.API\Ordering.API.csproj", "{F1D0B7C1-F735-4C5F-A2C7-0122107C1405}"
EndProject
Project("{FAE04EC0-301F-11D3-BF4B-00C04F79EFBC}") = "Ordering.Core", "Ordering\Ordering.Core\Ordering.Core.csproj", "{052AE60A-834F-4A45-9A42-EE0FB0EE8A01}"
EndProject
Project("{FAE04EC0-301F-11D3-BF4B-00C04F79EFBC}") = "Ordering.Infrustructure", "Ordering\Ordering.Infrustructure\Ordering.Infrustructure.csproj", "{ED1548ED-6795-4183-A181-56CACBDBC85D}"
EndProject
Project("{FAE04EC0-301F-11D3-BF4B-00C04F79EFBC}") = "Ordering.Application", "Ordering\Ordering.Application\Ordering.Application.csproj", "{C87B3081-523D-469D-AA87-B9A13645A3F4}"
EndProject
Global
	GlobalSection(SolutionConfigurationPlatforms) = preSolution
		Debug|Any CPU = Debug|Any CPU
		Release|Any CPU = Release|Any CPU
	EndGlobalSection
	GlobalSection(ProjectConfigurationPlatforms) = postSolution
		{C5802AE1-B89B-44A1-9482-3E822785A832}.Debug|Any CPU.ActiveCfg = Debug|Any CPU
		{C5802AE1-B89B-44A1-9482-3E822785A832}.Debug|Any CPU.Build.0 = Debug|Any CPU
		{C5802AE1-B89B-44A1-9482-3E822785A832}.Release|Any CPU.ActiveCfg = Release|Any CPU
		{C5802AE1-B89B-44A1-9482-3E822785A832}.Release|Any CPU.Build.0 = Release|Any CPU
		{C000E57D-6436-4CA0-A026-6983A8DA14F1}.Debug|Any CPU.ActiveCfg = Debug|Any CPU
		{C000E57D-6436-4CA0-A026-6983A8DA14F1}.Debug|Any CPU.Build.0 = Debug|Any CPU
		{C000E57D-6436-4CA0-A026-6983A8DA14F1}.Release|Any CPU.ActiveCfg = Release|Any CPU
		{C000E57D-6436-4CA0-A026-6983A8DA14F1}.Release|Any CPU.Build.0 = Release|Any CPU
		{AF5AE587-C8BA-4BD4-B91A-F8C2521EC3D8}.Debug|Any CPU.ActiveCfg = Debug|Any CPU
		{AF5AE587-C8BA-4BD4-B91A-F8C2521EC3D8}.Debug|Any CPU.Build.0 = Debug|Any CPU
		{AF5AE587-C8BA-4BD4-B91A-F8C2521EC3D8}.Release|Any CPU.ActiveCfg = Release|Any CPU
		{AF5AE587-C8BA-4BD4-B91A-F8C2521EC3D8}.Release|Any CPU.Build.0 = Release|Any CPU
		{79FA8AC2-91A2-4A90-BEFC-01074488E206}.Debug|Any CPU.ActiveCfg = Debug|Any CPU
		{79FA8AC2-91A2-4A90-BEFC-01074488E206}.Debug|Any CPU.Build.0 = Debug|Any CPU
		{79FA8AC2-91A2-4A90-BEFC-01074488E206}.Release|Any CPU.ActiveCfg = Release|Any CPU
		{79FA8AC2-91A2-4A90-BEFC-01074488E206}.Release|Any CPU.Build.0 = Release|Any CPU
		{F1D0B7C1-F735-4C5F-A2C7-0122107C1405}.Debug|Any CPU.ActiveCfg = Debug|Any CPU
		{F1D0B7C1-F735-4C5F-A2C7-0122107C1405}.Debug|Any CPU.Build.0 = Debug|Any CPU
		{F1D0B7C1-F735-4C5F-A2C7-0122107C1405}.Release|Any CPU.ActiveCfg = Release|Any CPU
		{F1D0B7C1-F735-4C5F-A2C7-0122107C1405}.Release|Any CPU.Build.0 = Release|Any CPU
		{052AE60A-834F-4A45-9A42-EE0FB0EE8A01}.Debug|Any CPU.ActiveCfg = Debug|Any CPU
		{052AE60A-834F-4A45-9A42-EE0FB0EE8A01}.Debug|Any CPU.Build.0 = Debug|Any CPU
		{052AE60A-834F-4A45-9A42-EE0FB0EE8A01}.Release|Any CPU.ActiveCfg = Release|Any CPU
		{052AE60A-834F-4A45-9A42-EE0FB0EE8A01}.Release|Any CPU.Build.0 = Release|Any CPU
		{ED1548ED-6795-4183-A181-56CACBDBC85D}.Debug|Any CPU.ActiveCfg = Debug|Any CPU
		{ED1548ED-6795-4183-A181-56CACBDBC85D}.Debug|Any CPU.Build.0 = Debug|Any CPU
		{ED1548ED-6795-4183-A181-56CACBDBC85D}.Release|Any CPU.ActiveCfg = Release|Any CPU
		{ED1548ED-6795-4183-A181-56CACBDBC85D}.Release|Any CPU.Build.0 = Release|Any CPU
		{C87B3081-523D-469D-AA87-B9A13645A3F4}.Debug|Any CPU.ActiveCfg = Debug|Any CPU
		{C87B3081-523D-469D-AA87-B9A13645A3F4}.Debug|Any CPU.Build.0 = Debug|Any CPU
		{C87B3081-523D-469D-AA87-B9A13645A3F4}.Release|Any CPU.ActiveCfg = Release|Any CPU
		{C87B3081-523D-469D-AA87-B9A13645A3F4}.Release|Any CPU.Build.0 = Release|Any CPU
	EndGlobalSection
	GlobalSection(SolutionProperties) = preSolution
		HideSolutionNode = FALSE
	EndGlobalSection
	GlobalSection(NestedProjects) = preSolution
		{3B157572-F60B-4E8C-9E7D-7513D7AFABF9} = {0D28F55C-03A6-48DF-B071-39E6207E49E0}
		{C5802AE1-B89B-44A1-9482-3E822785A832} = {3B157572-F60B-4E8C-9E7D-7513D7AFABF9}
		{164E8E9D-F2E5-4E20-BAF6-5B45A044A7F9} = {0D28F55C-03A6-48DF-B071-39E6207E49E0}
		{AF5AE587-C8BA-4BD4-B91A-F8C2521EC3D8} = {164E8E9D-F2E5-4E20-BAF6-5B45A044A7F9}
		{5EC8881E-C973-4911-982A-EE79DEE57C8A} = {0D28F55C-03A6-48DF-B071-39E6207E49E0}
		{79FA8AC2-91A2-4A90-BEFC-01074488E206} = {5EC8881E-C973-4911-982A-EE79DEE57C8A}
		{57737E28-9476-4755-81B7-A665A288C7C2} = {0D28F55C-03A6-48DF-B071-39E6207E49E0}
		{F1D0B7C1-F735-4C5F-A2C7-0122107C1405} = {57737E28-9476-4755-81B7-A665A288C7C2}
		{052AE60A-834F-4A45-9A42-EE0FB0EE8A01} = {57737E28-9476-4755-81B7-A665A288C7C2}
		{ED1548ED-6795-4183-A181-56CACBDBC85D} = {57737E28-9476-4755-81B7-A665A288C7C2}
		{C87B3081-523D-469D-AA87-B9A13645A3F4} = {57737E28-9476-4755-81B7-A665A288C7C2}
	EndGlobalSection
	GlobalSection(ExtensibilityGlobals) = postSolution
		SolutionGuid = {9ECCC568-4148-40B2-942B-1871F0BBDE2A}
	EndGlobalSection
EndGlobal
